// !$*UTF8*$!
{
	archiveVersion = 1;
	classes = {
	};
	objectVersion = 50;
	objects = {

/* Begin PBXBuildFile section */
		C6B7F877EE315A78D67535ED /* Pods_PTJ5_BoxOffice.framework in Frameworks */ = {isa = PBXBuildFile; fileRef = B973E136A68DA0539134B02D /* Pods_PTJ5_BoxOffice.framework */; };
		FAAE799E2238DD9700FC07DF /* commentCell.swift in Sources */ = {isa = PBXBuildFile; fileRef = FAAE799D2238DD9700FC07DF /* commentCell.swift */; };
		FAAE79A22238E40C00FC07DF /* CommentListVO.swift in Sources */ = {isa = PBXBuildFile; fileRef = FAAE79A12238E40C00FC07DF /* CommentListVO.swift */; };
		FAAE79A42238F93E00FC07DF /* CommentVC.swift in Sources */ = {isa = PBXBuildFile; fileRef = FAAE79A32238F93E00FC07DF /* CommentVC.swift */; };
		FAC6681D22324FA300BED971 /* AppDelegate.swift in Sources */ = {isa = PBXBuildFile; fileRef = FAC6681C22324FA300BED971 /* AppDelegate.swift */; };
		FAC6681F22324FA300BED971 /* TableVC.swift in Sources */ = {isa = PBXBuildFile; fileRef = FAC6681E22324FA300BED971 /* TableVC.swift */; };
		FAC6682222324FA300BED971 /* Main.storyboard in Resources */ = {isa = PBXBuildFile; fileRef = FAC6682022324FA300BED971 /* Main.storyboard */; };
		FAC6682422324FA400BED971 /* Assets.xcassets in Resources */ = {isa = PBXBuildFile; fileRef = FAC6682322324FA400BED971 /* Assets.xcassets */; };
		FAC6682722324FA400BED971 /* LaunchScreen.storyboard in Resources */ = {isa = PBXBuildFile; fileRef = FAC6682522324FA400BED971 /* LaunchScreen.storyboard */; };
		FAC66830223250AE00BED971 /* CollectionVC.swift in Sources */ = {isa = PBXBuildFile; fileRef = FAC6682F223250AE00BED971 /* CollectionVC.swift */; };
		FAC6683222325C8100BED971 /* MovieModel.swift in Sources */ = {isa = PBXBuildFile; fileRef = FAC6683122325C8100BED971 /* MovieModel.swift */; };
		FAC6683422325CD100BED971 /* MovieVO.swift in Sources */ = {isa = PBXBuildFile; fileRef = FAC6683322325CD100BED971 /* MovieVO.swift */; };
		FAC668362232600300BED971 /* tableViewCell.swift in Sources */ = {isa = PBXBuildFile; fileRef = FAC668352232600300BED971 /* tableViewCell.swift */; };
		FAC6683A22327F9E00BED971 /* collectionViewCell.swift in Sources */ = {isa = PBXBuildFile; fileRef = FAC6683922327F9E00BED971 /* collectionViewCell.swift */; };
		FAC6683D22363A8900BED971 /* Function.swift in Sources */ = {isa = PBXBuildFile; fileRef = FAC6683C22363A8900BED971 /* Function.swift */; };
		FAC6683F2236469800BED971 /* TableViewDetailVC.swift in Sources */ = {isa = PBXBuildFile; fileRef = FAC6683E2236469800BED971 /* TableViewDetailVC.swift */; };
		FAC668442237902800BED971 /* MovieDetailVO.swift in Sources */ = {isa = PBXBuildFile; fileRef = FAC668432237902800BED971 /* MovieDetailVO.swift */; };
/* End PBXBuildFile section */

/* Begin PBXFileReference section */
		7495E2FAEB8B62D012B234D2 /* Pods-PTJ5_BoxOffice.debug.xcconfig */ = {isa = PBXFileReference; includeInIndex = 1; lastKnownFileType = text.xcconfig; name = "Pods-PTJ5_BoxOffice.debug.xcconfig"; path = "Pods/Target Support Files/Pods-PTJ5_BoxOffice/Pods-PTJ5_BoxOffice.debug.xcconfig"; sourceTree = "<group>"; };
		94D95DB2B929883C1A083AB4 /* Pods-PTJ5_BoxOffice.release.xcconfig */ = {isa = PBXFileReference; includeInIndex = 1; lastKnownFileType = text.xcconfig; name = "Pods-PTJ5_BoxOffice.release.xcconfig"; path = "Pods/Target Support Files/Pods-PTJ5_BoxOffice/Pods-PTJ5_BoxOffice.release.xcconfig"; sourceTree = "<group>"; };
		B973E136A68DA0539134B02D /* Pods_PTJ5_BoxOffice.framework */ = {isa = PBXFileReference; explicitFileType = wrapper.framework; includeInIndex = 0; path = Pods_PTJ5_BoxOffice.framework; sourceTree = BUILT_PRODUCTS_DIR; };
		FAAE799D2238DD9700FC07DF /* commentCell.swift */ = {isa = PBXFileReference; lastKnownFileType = sourcecode.swift; path = commentCell.swift; sourceTree = "<group>"; };
		FAAE79A12238E40C00FC07DF /* CommentListVO.swift */ = {isa = PBXFileReference; lastKnownFileType = sourcecode.swift; path = CommentListVO.swift; sourceTree = "<group>"; };
		FAAE79A32238F93E00FC07DF /* CommentVC.swift */ = {isa = PBXFileReference; lastKnownFileType = sourcecode.swift; path = CommentVC.swift; sourceTree = "<group>"; };
		FAC6681922324FA300BED971 /* PTJ5_BoxOffice.app */ = {isa = PBXFileReference; explicitFileType = wrapper.application; includeInIndex = 0; path = PTJ5_BoxOffice.app; sourceTree = BUILT_PRODUCTS_DIR; };
		FAC6681C22324FA300BED971 /* AppDelegate.swift */ = {isa = PBXFileReference; lastKnownFileType = sourcecode.swift; path = AppDelegate.swift; sourceTree = "<group>"; };
		FAC6681E22324FA300BED971 /* TableVC.swift */ = {isa = PBXFileReference; lastKnownFileType = sourcecode.swift; path = TableVC.swift; sourceTree = "<group>"; };
		FAC6682122324FA300BED971 /* Base */ = {isa = PBXFileReference; lastKnownFileType = file.storyboard; name = Base; path = Base.lproj/Main.storyboard; sourceTree = "<group>"; };
		FAC6682322324FA400BED971 /* Assets.xcassets */ = {isa = PBXFileReference; lastKnownFileType = folder.assetcatalog; path = Assets.xcassets; sourceTree = "<group>"; };
		FAC6682622324FA400BED971 /* Base */ = {isa = PBXFileReference; lastKnownFileType = file.storyboard; name = Base; path = Base.lproj/LaunchScreen.storyboard; sourceTree = "<group>"; };
		FAC6682822324FA400BED971 /* Info.plist */ = {isa = PBXFileReference; lastKnownFileType = text.plist.xml; path = Info.plist; sourceTree = "<group>"; };
		FAC6682F223250AE00BED971 /* CollectionVC.swift */ = {isa = PBXFileReference; lastKnownFileType = sourcecode.swift; path = CollectionVC.swift; sourceTree = "<group>"; };
		FAC6683122325C8100BED971 /* MovieModel.swift */ = {isa = PBXFileReference; lastKnownFileType = sourcecode.swift; path = MovieModel.swift; sourceTree = "<group>"; };
		FAC6683322325CD100BED971 /* MovieVO.swift */ = {isa = PBXFileReference; lastKnownFileType = sourcecode.swift; path = MovieVO.swift; sourceTree = "<group>"; };
		FAC668352232600300BED971 /* tableViewCell.swift */ = {isa = PBXFileReference; lastKnownFileType = sourcecode.swift; path = tableViewCell.swift; sourceTree = "<group>"; };
		FAC6683922327F9E00BED971 /* collectionViewCell.swift */ = {isa = PBXFileReference; lastKnownFileType = sourcecode.swift; path = collectionViewCell.swift; sourceTree = "<group>"; };
		FAC6683C22363A8900BED971 /* Function.swift */ = {isa = PBXFileReference; lastKnownFileType = sourcecode.swift; path = Function.swift; sourceTree = "<group>"; };
		FAC6683E2236469800BED971 /* TableViewDetailVC.swift */ = {isa = PBXFileReference; lastKnownFileType = sourcecode.swift; path = TableViewDetailVC.swift; sourceTree = "<group>"; };
		FAC668432237902800BED971 /* MovieDetailVO.swift */ = {isa = PBXFileReference; lastKnownFileType = sourcecode.swift; path = MovieDetailVO.swift; sourceTree = "<group>"; };
/* End PBXFileReference section */

/* Begin PBXFrameworksBuildPhase section */
		FAC6681622324FA300BED971 /* Frameworks */ = {
			isa = PBXFrameworksBuildPhase;
			buildActionMask = 2147483647;
			files = (
				C6B7F877EE315A78D67535ED /* Pods_PTJ5_BoxOffice.framework in Frameworks */,
			);
			runOnlyForDeploymentPostprocessing = 0;
		};
/* End PBXFrameworksBuildPhase section */

/* Begin PBXGroup section */
		B7C22EBB7106A48F08715D4B /* Pods */ = {
			isa = PBXGroup;
			children = (
				7495E2FAEB8B62D012B234D2 /* Pods-PTJ5_BoxOffice.debug.xcconfig */,
				94D95DB2B929883C1A083AB4 /* Pods-PTJ5_BoxOffice.release.xcconfig */,
			);
			name = Pods;
			sourceTree = "<group>";
		};
		D70E53C7D55E7BB619330AD0 /* Frameworks */ = {
			isa = PBXGroup;
			children = (
				B973E136A68DA0539134B02D /* Pods_PTJ5_BoxOffice.framework */,
			);
			name = Frameworks;
			sourceTree = "<group>";
		};
		FAC6681022324FA300BED971 = {
			isa = PBXGroup;
			children = (
				FAC6681B22324FA300BED971 /* PTJ5_BoxOffice */,
				FAC6681A22324FA300BED971 /* Products */,
				B7C22EBB7106A48F08715D4B /* Pods */,
				D70E53C7D55E7BB619330AD0 /* Frameworks */,
			);
			sourceTree = "<group>";
		};
		FAC6681A22324FA300BED971 /* Products */ = {
			isa = PBXGroup;
			children = (
				FAC6681922324FA300BED971 /* PTJ5_BoxOffice.app */,
			);
			name = Products;
			sourceTree = "<group>";
		};
		FAC6681B22324FA300BED971 /* PTJ5_BoxOffice */ = {
			isa = PBXGroup;
			children = (
				FAC668422236470300BED971 /* Storyboard */,
				FAC6683722327F3B00BED971 /* ValueObject */,
				FAC6683B22363A7800BED971 /* Function */,
				FAC6682E2232508000BED971 /* VC */,
				FAC6681C22324FA300BED971 /* AppDelegate.swift */,
				FAC6683122325C8100BED971 /* MovieModel.swift */,
				FAC6682322324FA400BED971 /* Assets.xcassets */,
				FAC6682822324FA400BED971 /* Info.plist */,
			);
			path = PTJ5_BoxOffice;
			sourceTree = "<group>";
		};
		FAC6682E2232508000BED971 /* VC */ = {
			isa = PBXGroup;
			children = (
				FAC6683822327F4C00BED971 /* Main */,
			);
			path = VC;
			sourceTree = "<group>";
		};
		FAC6683722327F3B00BED971 /* ValueObject */ = {
			isa = PBXGroup;
			children = (
				FAC6683322325CD100BED971 /* MovieVO.swift */,
				FAC668432237902800BED971 /* MovieDetailVO.swift */,
				FAAE79A12238E40C00FC07DF /* CommentListVO.swift */,
			);
			path = ValueObject;
			sourceTree = "<group>";
		};
		FAC6683822327F4C00BED971 /* Main */ = {
			isa = PBXGroup;
			children = (
				FAC6681E22324FA300BED971 /* TableVC.swift */,
				FAC668352232600300BED971 /* tableViewCell.swift */,
				FAC6682F223250AE00BED971 /* CollectionVC.swift */,
				FAC6683922327F9E00BED971 /* collectionViewCell.swift */,
				FAC6683E2236469800BED971 /* TableViewDetailVC.swift */,
				FAAE799D2238DD9700FC07DF /* commentCell.swift */,
				FAAE79A32238F93E00FC07DF /* CommentVC.swift */,
			);
			path = Main;
			sourceTree = "<group>";
		};
		FAC6683B22363A7800BED971 /* Function */ = {
			isa = PBXGroup;
			children = (
				FAC6683C22363A8900BED971 /* Function.swift */,
			);
			path = Function;
			sourceTree = "<group>";
		};
		FAC668422236470300BED971 /* Storyboard */ = {
			isa = PBXGroup;
			children = (
				FAC6682022324FA300BED971 /* Main.storyboard */,
				FAC6682522324FA400BED971 /* LaunchScreen.storyboard */,
			);
			path = Storyboard;
			sourceTree = "<group>";
		};
/* End PBXGroup section */

/* Begin PBXNativeTarget section */
		FAC6681822324FA300BED971 /* PTJ5_BoxOffice */ = {
			isa = PBXNativeTarget;
			buildConfigurationList = FAC6682B22324FA400BED971 /* Build configuration list for PBXNativeTarget "PTJ5_BoxOffice" */;
			buildPhases = (
				18CE9433FA38C39C849EA59B /* [CP] Check Pods Manifest.lock */,
				FAC6681522324FA300BED971 /* Sources */,
				FAC6681622324FA300BED971 /* Frameworks */,
				FAC6681722324FA300BED971 /* Resources */,
				75AAFA728B35B9D61E3B71A3 /* [CP] Embed Pods Frameworks */,
			);
			buildRules = (
			);
			dependencies = (
			);
			name = PTJ5_BoxOffice;
			productName = PTJ5_BoxOffice;
			productReference = FAC6681922324FA300BED971 /* PTJ5_BoxOffice.app */;
			productType = "com.apple.product-type.application";
		};
/* End PBXNativeTarget section */

/* Begin PBXProject section */
		FAC6681122324FA300BED971 /* Project object */ = {
			isa = PBXProject;
			attributes = {
				LastSwiftUpdateCheck = 1010;
				LastUpgradeCheck = 1010;
				ORGANIZATIONNAME = mong;
				TargetAttributes = {
					FAC6681822324FA300BED971 = {
						CreatedOnToolsVersion = 10.1;
					};
				};
			};
			buildConfigurationList = FAC6681422324FA300BED971 /* Build configuration list for PBXProject "PTJ5_BoxOffice" */;
			compatibilityVersion = "Xcode 9.3";
			developmentRegion = en;
			hasScannedForEncodings = 0;
			knownRegions = (
				en,
				Base,
			);
			mainGroup = FAC6681022324FA300BED971;
			productRefGroup = FAC6681A22324FA300BED971 /* Products */;
			projectDirPath = "";
			projectRoot = "";
			targets = (
				FAC6681822324FA300BED971 /* PTJ5_BoxOffice */,
			);
		};
/* End PBXProject section */

/* Begin PBXResourcesBuildPhase section */
		FAC6681722324FA300BED971 /* Resources */ = {
			isa = PBXResourcesBuildPhase;
			buildActionMask = 2147483647;
			files = (
				FAC6682722324FA400BED971 /* LaunchScreen.storyboard in Resources */,
				FAC6682422324FA400BED971 /* Assets.xcassets in Resources */,
				FAC6682222324FA300BED971 /* Main.storyboard in Resources */,
			);
			runOnlyForDeploymentPostprocessing = 0;
		};
/* End PBXResourcesBuildPhase section */

/* Begin PBXShellScriptBuildPhase section */
		18CE9433FA38C39C849EA59B /* [CP] Check Pods Manifest.lock */ = {
			isa = PBXShellScriptBuildPhase;
			buildActionMask = 2147483647;
			files = (
			);
			inputFileListPaths = (
			);
			inputPaths = (
				"${PODS_PODFILE_DIR_PATH}/Podfile.lock",
				"${PODS_ROOT}/Manifest.lock",
			);
			name = "[CP] Check Pods Manifest.lock";
			outputFileListPaths = (
			);
			outputPaths = (
				"$(DERIVED_FILE_DIR)/Pods-PTJ5_BoxOffice-checkManifestLockResult.txt",
			);
			runOnlyForDeploymentPostprocessing = 0;
			shellPath = /bin/sh;
			shellScript = "diff \"${PODS_PODFILE_DIR_PATH}/Podfile.lock\" \"${PODS_ROOT}/Manifest.lock\" > /dev/null\nif [ $? != 0 ] ; then\n    # print error to STDERR\n    echo \"error: The sandbox is not in sync with the Podfile.lock. Run 'pod install' or update your CocoaPods installation.\" >&2\n    exit 1\nfi\n# This output is used by Xcode 'outputs' to avoid re-running this script phase.\necho \"SUCCESS\" > \"${SCRIPT_OUTPUT_FILE_0}\"\n";
			showEnvVarsInLog = 0;
		};
		75AAFA728B35B9D61E3B71A3 /* [CP] Embed Pods Frameworks */ = {
			isa = PBXShellScriptBuildPhase;
			buildActionMask = 2147483647;
			files = (
			);
			inputFileListPaths = (
			);
			inputPaths = (
				"${SRCROOT}/Pods/Target Support Files/Pods-PTJ5_BoxOffice/Pods-PTJ5_BoxOffice-frameworks.sh",
				"${BUILT_PRODUCTS_DIR}/Cosmos/Cosmos.framework",
			);
			name = "[CP] Embed Pods Frameworks";
			outputFileListPaths = (
			);
			outputPaths = (
				"${TARGET_BUILD_DIR}/${FRAMEWORKS_FOLDER_PATH}/Cosmos.framework",
			);
			runOnlyForDeploymentPostprocessing = 0;
			shellPath = /bin/sh;
			shellScript = "\"${SRCROOT}/Pods/Target Support Files/Pods-PTJ5_BoxOffice/Pods-PTJ5_BoxOffice-frameworks.sh\"\n";
			showEnvVarsInLog = 0;
		};
/* End PBXShellScriptBuildPhase section */

/* Begin PBXSourcesBuildPhase section */
		FAC6681522324FA300BED971 /* Sources */ = {
			isa = PBXSourcesBuildPhase;
			buildActionMask = 2147483647;
			files = (
				FAC668442237902800BED971 /* MovieDetailVO.swift in Sources */,
				FAC6683222325C8100BED971 /* MovieModel.swift in Sources */,
				FAC6683F2236469800BED971 /* TableViewDetailVC.swift in Sources */,
				FAAE799E2238DD9700FC07DF /* commentCell.swift in Sources */,
				FAC6681F22324FA300BED971 /* TableVC.swift in Sources */,
				FAAE79A22238E40C00FC07DF /* CommentListVO.swift in Sources */,
				FAC6683D22363A8900BED971 /* Function.swift in Sources */,
				FAC66830223250AE00BED971 /* CollectionVC.swift in Sources */,
				FAC6681D22324FA300BED971 /* AppDelegate.swift in Sources */,
				FAC6683422325CD100BED971 /* MovieVO.swift in Sources */,
				FAC6683A22327F9E00BED971 /* collectionViewCell.swift in Sources */,
				FAAE79A42238F93E00FC07DF /* CommentVC.swift in Sources */,
				FAC668362232600300BED971 /* tableViewCell.swift in Sources */,
			);
			runOnlyForDeploymentPostprocessing = 0;
		};
/* End PBXSourcesBuildPhase section */

/* Begin PBXVariantGroup section */
		FAC6682022324FA300BED971 /* Main.storyboard */ = {
			isa = PBXVariantGroup;
			children = (
				FAC6682122324FA300BED971 /* Base */,
			);
			name = Main.storyboard;
			sourceTree = "<group>";
		};
		FAC6682522324FA400BED971 /* LaunchScreen.storyboard */ = {
			isa = PBXVariantGroup;
			children = (
				FAC6682622324FA400BED971 /* Base */,
			);
			name = LaunchScreen.storyboard;
			sourceTree = "<group>";
		};
/* End PBXVariantGroup section */

/* Begin XCBuildConfiguration section */
		FAC6682922324FA400BED971 /* Debug */ = {
			isa = XCBuildConfiguration;
			buildSettings = {
				ALWAYS_SEARCH_USER_PATHS = NO;
				CLANG_ANALYZER_NONNULL = YES;
				CLANG_ANALYZER_NUMBER_OBJECT_CONVERSION = YES_AGGRESSIVE;
				CLANG_CXX_LANGUAGE_STANDARD = "gnu++14";
				CLANG_CXX_LIBRARY = "libc++";
				CLANG_ENABLE_MODULES = YES;
				CLANG_ENABLE_OBJC_ARC = YES;
				CLANG_ENABLE_OBJC_WEAK = YES;
				CLANG_WARN_BLOCK_CAPTURE_AUTORELEASING = YES;
				CLANG_WARN_BOOL_CONVERSION = YES;
				CLANG_WARN_COMMA = YES;
				CLANG_WARN_CONSTANT_CONVERSION = YES;
				CLANG_WARN_DEPRECATED_OBJC_IMPLEMENTATIONS = YES;
				CLANG_WARN_DIRECT_OBJC_ISA_USAGE = YES_ERROR;
				CLANG_WARN_DOCUMENTATION_COMMENTS = YES;
				CLANG_WARN_EMPTY_BODY = YES;
				CLANG_WARN_ENUM_CONVERSION = YES;
				CLANG_WARN_INFINITE_RECURSION = YES;
				CLANG_WARN_INT_CONVERSION = YES;
				CLANG_WARN_NON_LITERAL_NULL_CONVERSION = YES;
				CLANG_WARN_OBJC_IMPLICIT_RETAIN_SELF = YES;
				CLANG_WARN_OBJC_LITERAL_CONVERSION = YES;
				CLANG_WARN_OBJC_ROOT_CLASS = YES_ERROR;
				CLANG_WARN_RANGE_LOOP_ANALYSIS = YES;
				CLANG_WARN_STRICT_PROTOTYPES = YES;
				CLANG_WARN_SUSPICIOUS_MOVE = YES;
				CLANG_WARN_UNGUARDED_AVAILABILITY = YES_AGGRESSIVE;
				CLANG_WARN_UNREACHABLE_CODE = YES;
				CLANG_WARN__DUPLICATE_METHOD_MATCH = YES;
				CODE_SIGN_IDENTITY = "iPhone Developer";
				COPY_PHASE_STRIP = NO;
				DEBUG_INFORMATION_FORMAT = dwarf;
				ENABLE_STRICT_OBJC_MSGSEND = YES;
				ENABLE_TESTABILITY = YES;
				GCC_C_LANGUAGE_STANDARD = gnu11;
				GCC_DYNAMIC_NO_PIC = NO;
				GCC_NO_COMMON_BLOCKS = YES;
				GCC_OPTIMIZATION_LEVEL = 0;
				GCC_PREPROCESSOR_DEFINITIONS = (
					"DEBUG=1",
					"$(inherited)",
				);
				GCC_WARN_64_TO_32_BIT_CONVERSION = YES;
				GCC_WARN_ABOUT_RETURN_TYPE = YES_ERROR;
				GCC_WARN_UNDECLARED_SELECTOR = YES;
				GCC_WARN_UNINITIALIZED_AUTOS = YES_AGGRESSIVE;
				GCC_WARN_UNUSED_FUNCTION = YES;
				GCC_WARN_UNUSED_VARIABLE = YES;
				IPHONEOS_DEPLOYMENT_TARGET = 12.1;
				MTL_ENABLE_DEBUG_INFO = INCLUDE_SOURCE;
				MTL_FAST_MATH = YES;
				ONLY_ACTIVE_ARCH = YES;
				SDKROOT = iphoneos;
				SWIFT_ACTIVE_COMPILATION_CONDITIONS = DEBUG;
				SWIFT_OPTIMIZATION_LEVEL = "-Onone";
			};
			name = Debug;
		};
		FAC6682A22324FA400BED971 /* Release */ = {
			isa = XCBuildConfiguration;
			buildSettings = {
				ALWAYS_SEARCH_USER_PATHS = NO;
				CLANG_ANALYZER_NONNULL = YES;
				CLANG_ANALYZER_NUMBER_OBJECT_CONVERSION = YES_AGGRESSIVE;
				CLANG_CXX_LANGUAGE_STANDARD = "gnu++14";
				CLANG_CXX_LIBRARY = "libc++";
				CLANG_ENABLE_MODULES = YES;
				CLANG_ENABLE_OBJC_ARC = YES;
				CLANG_ENABLE_OBJC_WEAK = YES;
				CLANG_WARN_BLOCK_CAPTURE_AUTORELEASING = YES;
				CLANG_WARN_BOOL_CONVERSION = YES;
				CLANG_WARN_COMMA = YES;
				CLANG_WARN_CONSTANT_CONVERSION = YES;
				CLANG_WARN_DEPRECATED_OBJC_IMPLEMENTATIONS = YES;
				CLANG_WARN_DIRECT_OBJC_ISA_USAGE = YES_ERROR;
				CLANG_WARN_DOCUMENTATION_COMMENTS = YES;
				CLANG_WARN_EMPTY_BODY = YES;
				CLANG_WARN_ENUM_CONVERSION = YES;
				CLANG_WARN_INFINITE_RECURSION = YES;
				CLANG_WARN_INT_CONVERSION = YES;
				CLANG_WARN_NON_LITERAL_NULL_CONVERSION = YES;
				CLANG_WARN_OBJC_IMPLICIT_RETAIN_SELF = YES;
				CLANG_WARN_OBJC_LITERAL_CONVERSION = YES;
				CLANG_WARN_OBJC_ROOT_CLASS = YES_ERROR;
				CLANG_WARN_RANGE_LOOP_ANALYSIS = YES;
				CLANG_WARN_STRICT_PROTOTYPES = YES;
				CLANG_WARN_SUSPICIOUS_MOVE = YES;
				CLANG_WARN_UNGUARDED_AVAILABILITY = YES_AGGRESSIVE;
				CLANG_WARN_UNREACHABLE_CODE = YES;
				CLANG_WARN__DUPLICATE_METHOD_MATCH = YES;
				CODE_SIGN_IDENTITY = "iPhone Developer";
				COPY_PHASE_STRIP = NO;
				DEBUG_INFORMATION_FORMAT = "dwarf-with-dsym";
				ENABLE_NS_ASSERTIONS = NO;
				ENABLE_STRICT_OBJC_MSGSEND = YES;
				GCC_C_LANGUAGE_STANDARD = gnu11;
				GCC_NO_COMMON_BLOCKS = YES;
				GCC_WARN_64_TO_32_BIT_CONVERSION = YES;
				GCC_WARN_ABOUT_RETURN_TYPE = YES_ERROR;
				GCC_WARN_UNDECLARED_SELECTOR = YES;
				GCC_WARN_UNINITIALIZED_AUTOS = YES_AGGRESSIVE;
				GCC_WARN_UNUSED_FUNCTION = YES;
				GCC_WARN_UNUSED_VARIABLE = YES;
				IPHONEOS_DEPLOYMENT_TARGET = 12.1;
				MTL_ENABLE_DEBUG_INFO = NO;
				MTL_FAST_MATH = YES;
				SDKROOT = iphoneos;
				SWIFT_COMPILATION_MODE = wholemodule;
				SWIFT_OPTIMIZATION_LEVEL = "-O";
				VALIDATE_PRODUCT = YES;
			};
			name = Release;
		};
		FAC6682C22324FA400BED971 /* Debug */ = {
			isa = XCBuildConfiguration;
			baseConfigurationReference = 7495E2FAEB8B62D012B234D2 /* Pods-PTJ5_BoxOffice.debug.xcconfig */;
			buildSettings = {
				ASSETCATALOG_COMPILER_APPICON_NAME = AppIcon;
				CODE_SIGN_STYLE = Automatic;
				DEVELOPMENT_TEAM = DRZA772VG4;
				INFOPLIST_FILE = PTJ5_BoxOffice/Info.plist;
				LD_RUNPATH_SEARCH_PATHS = (
					"$(inherited)",
					"@executable_path/Frameworks",
				);
				PRODUCT_BUNDLE_IDENTIFIER = "selfstudy.PTJ5-BoxOffice";
				PRODUCT_NAME = "$(TARGET_NAME)";
				SWIFT_VERSION = 4.2;
				TARGETED_DEVICE_FAMILY = "1,2";
			};
			name = Debug;
		};
		FAC6682D22324FA400BED971 /* Release */ = {
			isa = XCBuildConfiguration;
			baseConfigurationReference = 94D95DB2B929883C1A083AB4 /* Pods-PTJ5_BoxOffice.release.xcconfig */;
			buildSettings = {
				ASSETCATALOG_COMPILER_APPICON_NAME = AppIcon;
				CODE_SIGN_STYLE = Automatic;
				DEVELOPMENT_TEAM = DRZA772VG4;
				INFOPLIST_FILE = PTJ5_BoxOffice/Info.plist;
				LD_RUNPATH_SEARCH_PATHS = (
					"$(inherited)",
					"@executable_path/Frameworks",
				);
				PRODUCT_BUNDLE_IDENTIFIER = "selfstudy.PTJ5-BoxOffice";
				PRODUCT_NAME = "$(TARGET_NAME)";
				SWIFT_VERSION = 4.2;
				TARGETED_DEVICE_FAMILY = "1,2";
			};
			name = Release;
		};
/* End XCBuildConfiguration section */

/* Begin XCConfigurationList section */
		FAC6681422324FA300BED971 /* Build configuration list for PBXProject "PTJ5_BoxOffice" */ = {
			isa = XCConfigurationList;
			buildConfigurations = (
				FAC6682922324FA400BED971 /* Debug */,
				FAC6682A22324FA400BED971 /* Release */,
			);
			defaultConfigurationIsVisible = 0;
			defaultConfigurationName = Release;
		};
		FAC6682B22324FA400BED971 /* Build configuration list for PBXNativeTarget "PTJ5_BoxOffice" */ = {
			isa = XCConfigurationList;
			buildConfigurations = (
				FAC6682C22324FA400BED971 /* Debug */,
				FAC6682D22324FA400BED971 /* Release */,
			);
			defaultConfigurationIsVisible = 0;
			defaultConfigurationName = Release;
		};
/* End XCConfigurationList section */
	};
	rootObject = FAC6681122324FA300BED971 /* Project object */;
}
