// !$*UTF8*$!
{
	archiveVersion = 1;
	classes = {
	};
	objectVersion = 50;
	objects = {

/* Begin PBXBuildFile section */
		96DDA49AE5773D2DE391B480 /* Pods_RemoteConfig.framework in Frameworks */ = {isa = PBXBuildFile; fileRef = F0A1602ADD66FC5D6E4BD8D1 /* Pods_RemoteConfig.framework */; };
		FA79D1872272F75800235B96 /* AppDelegate.swift in Sources */ = {isa = PBXBuildFile; fileRef = FA79D1862272F75800235B96 /* AppDelegate.swift */; };
		FA79D1892272F75800235B96 /* ViewController.swift in Sources */ = {isa = PBXBuildFile; fileRef = FA79D1882272F75800235B96 /* ViewController.swift */; };
		FA79D18C2272F75800235B96 /* Main.storyboard in Resources */ = {isa = PBXBuildFile; fileRef = FA79D18A2272F75800235B96 /* Main.storyboard */; };
		FA79D18E2272F75900235B96 /* Assets.xcassets in Resources */ = {isa = PBXBuildFile; fileRef = FA79D18D2272F75900235B96 /* Assets.xcassets */; };
		FA79D1912272F75900235B96 /* LaunchScreen.storyboard in Resources */ = {isa = PBXBuildFile; fileRef = FA79D18F2272F75900235B96 /* LaunchScreen.storyboard */; };
		FA79D1992272F86C00235B96 /* GoogleService-Info.plist in Resources */ = {isa = PBXBuildFile; fileRef = FA79D1982272F86B00235B96 /* GoogleService-Info.plist */; };
		FA79D19B2272F8FD00235B96 /* RemoteConfigDefault.plist in Resources */ = {isa = PBXBuildFile; fileRef = FA79D19A2272F8FD00235B96 /* RemoteConfigDefault.plist */; };
/* End PBXBuildFile section */

/* Begin PBXFileReference section */
		51B66ABDB46247E0A7F21CA4 /* Pods-RemoteConfig.release.xcconfig */ = {isa = PBXFileReference; includeInIndex = 1; lastKnownFileType = text.xcconfig; name = "Pods-RemoteConfig.release.xcconfig"; path = "Pods/Target Support Files/Pods-RemoteConfig/Pods-RemoteConfig.release.xcconfig"; sourceTree = "<group>"; };
		87E39E44102F2E7DB598EC04 /* Pods-RemoteConfig.debug.xcconfig */ = {isa = PBXFileReference; includeInIndex = 1; lastKnownFileType = text.xcconfig; name = "Pods-RemoteConfig.debug.xcconfig"; path = "Pods/Target Support Files/Pods-RemoteConfig/Pods-RemoteConfig.debug.xcconfig"; sourceTree = "<group>"; };
		F0A1602ADD66FC5D6E4BD8D1 /* Pods_RemoteConfig.framework */ = {isa = PBXFileReference; explicitFileType = wrapper.framework; includeInIndex = 0; path = Pods_RemoteConfig.framework; sourceTree = BUILT_PRODUCTS_DIR; };
		FA79D1832272F75800235B96 /* RemoteConfig.app */ = {isa = PBXFileReference; explicitFileType = wrapper.application; includeInIndex = 0; path = RemoteConfig.app; sourceTree = BUILT_PRODUCTS_DIR; };
		FA79D1862272F75800235B96 /* AppDelegate.swift */ = {isa = PBXFileReference; lastKnownFileType = sourcecode.swift; path = AppDelegate.swift; sourceTree = "<group>"; };
		FA79D1882272F75800235B96 /* ViewController.swift */ = {isa = PBXFileReference; lastKnownFileType = sourcecode.swift; path = ViewController.swift; sourceTree = "<group>"; };
		FA79D18B2272F75800235B96 /* Base */ = {isa = PBXFileReference; lastKnownFileType = file.storyboard; name = Base; path = Base.lproj/Main.storyboard; sourceTree = "<group>"; };
		FA79D18D2272F75900235B96 /* Assets.xcassets */ = {isa = PBXFileReference; lastKnownFileType = folder.assetcatalog; path = Assets.xcassets; sourceTree = "<group>"; };
		FA79D1902272F75900235B96 /* Base */ = {isa = PBXFileReference; lastKnownFileType = file.storyboard; name = Base; path = Base.lproj/LaunchScreen.storyboard; sourceTree = "<group>"; };
		FA79D1922272F75900235B96 /* Info.plist */ = {isa = PBXFileReference; lastKnownFileType = text.plist.xml; path = Info.plist; sourceTree = "<group>"; };
		FA79D1982272F86B00235B96 /* GoogleService-Info.plist */ = {isa = PBXFileReference; fileEncoding = 4; lastKnownFileType = text.plist.xml; path = "GoogleService-Info.plist"; sourceTree = "<group>"; };
		FA79D19A2272F8FD00235B96 /* RemoteConfigDefault.plist */ = {isa = PBXFileReference; lastKnownFileType = text.plist.xml; path = RemoteConfigDefault.plist; sourceTree = "<group>"; };
/* End PBXFileReference section */

/* Begin PBXFrameworksBuildPhase section */
		FA79D1802272F75800235B96 /* Frameworks */ = {
			isa = PBXFrameworksBuildPhase;
			buildActionMask = 2147483647;
			files = (
				96DDA49AE5773D2DE391B480 /* Pods_RemoteConfig.framework in Frameworks */,
			);
			runOnlyForDeploymentPostprocessing = 0;
		};
/* End PBXFrameworksBuildPhase section */

/* Begin PBXGroup section */
		4958A7D07E7C5129F3E9A7D7 /* Pods */ = {
			isa = PBXGroup;
			children = (
				87E39E44102F2E7DB598EC04 /* Pods-RemoteConfig.debug.xcconfig */,
				51B66ABDB46247E0A7F21CA4 /* Pods-RemoteConfig.release.xcconfig */,
			);
			name = Pods;
			sourceTree = "<group>";
		};
		CE46B197025BACF55838247E /* Frameworks */ = {
			isa = PBXGroup;
			children = (
				F0A1602ADD66FC5D6E4BD8D1 /* Pods_RemoteConfig.framework */,
			);
			name = Frameworks;
			sourceTree = "<group>";
		};
		FA79D17A2272F75800235B96 = {
			isa = PBXGroup;
			children = (
				FA79D1852272F75800235B96 /* RemoteConfig */,
				FA79D1842272F75800235B96 /* Products */,
				4958A7D07E7C5129F3E9A7D7 /* Pods */,
				CE46B197025BACF55838247E /* Frameworks */,
			);
			sourceTree = "<group>";
		};
		FA79D1842272F75800235B96 /* Products */ = {
			isa = PBXGroup;
			children = (
				FA79D1832272F75800235B96 /* RemoteConfig.app */,
			);
			name = Products;
			sourceTree = "<group>";
		};
		FA79D1852272F75800235B96 /* RemoteConfig */ = {
			isa = PBXGroup;
			children = (
				FA79D1862272F75800235B96 /* AppDelegate.swift */,
				FA79D1882272F75800235B96 /* ViewController.swift */,
				FA79D18A2272F75800235B96 /* Main.storyboard */,
				FA79D18D2272F75900235B96 /* Assets.xcassets */,
				FA79D18F2272F75900235B96 /* LaunchScreen.storyboard */,
				FA79D1922272F75900235B96 /* Info.plist */,
				FA79D1982272F86B00235B96 /* GoogleService-Info.plist */,
				FA79D19A2272F8FD00235B96 /* RemoteConfigDefault.plist */,
			);
			path = RemoteConfig;
			sourceTree = "<group>";
		};
/* End PBXGroup section */

/* Begin PBXNativeTarget section */
		FA79D1822272F75800235B96 /* RemoteConfig */ = {
			isa = PBXNativeTarget;
			buildConfigurationList = FA79D1952272F75900235B96 /* Build configuration list for PBXNativeTarget "RemoteConfig" */;
			buildPhases = (
				52D15F7ACEE1CE2293750EB2 /* [CP] Check Pods Manifest.lock */,
				FA79D17F2272F75800235B96 /* Sources */,
				FA79D1802272F75800235B96 /* Frameworks */,
				FA79D1812272F75800235B96 /* Resources */,
				7CC69E4C453DAE9C645B9EF5 /* [CP] Embed Pods Frameworks */,
			);
			buildRules = (
			);
			dependencies = (
			);
			name = RemoteConfig;
			productName = RemoteConfig;
			productReference = FA79D1832272F75800235B96 /* RemoteConfig.app */;
			productType = "com.apple.product-type.application";
		};
/* End PBXNativeTarget section */

/* Begin PBXProject section */
		FA79D17B2272F75800235B96 /* Project object */ = {
			isa = PBXProject;
			attributes = {
				LastSwiftUpdateCheck = 1010;
				LastUpgradeCheck = 1010;
				ORGANIZATIONNAME = mong;
				TargetAttributes = {
					FA79D1822272F75800235B96 = {
						CreatedOnToolsVersion = 10.1;
					};
				};
			};
			buildConfigurationList = FA79D17E2272F75800235B96 /* Build configuration list for PBXProject "RemoteConfig" */;
			compatibilityVersion = "Xcode 9.3";
			developmentRegion = en;
			hasScannedForEncodings = 0;
			knownRegions = (
				en,
				Base,
			);
			mainGroup = FA79D17A2272F75800235B96;
			productRefGroup = FA79D1842272F75800235B96 /* Products */;
			projectDirPath = "";
			projectRoot = "";
			targets = (
				FA79D1822272F75800235B96 /* RemoteConfig */,
			);
		};
/* End PBXProject section */

/* Begin PBXResourcesBuildPhase section */
		FA79D1812272F75800235B96 /* Resources */ = {
			isa = PBXResourcesBuildPhase;
			buildActionMask = 2147483647;
			files = (
				FA79D19B2272F8FD00235B96 /* RemoteConfigDefault.plist in Resources */,
				FA79D1912272F75900235B96 /* LaunchScreen.storyboard in Resources */,
				FA79D1992272F86C00235B96 /* GoogleService-Info.plist in Resources */,
				FA79D18E2272F75900235B96 /* Assets.xcassets in Resources */,
				FA79D18C2272F75800235B96 /* Main.storyboard in Resources */,
			);
			runOnlyForDeploymentPostprocessing = 0;
		};
/* End PBXResourcesBuildPhase section */

/* Begin PBXShellScriptBuildPhase section */
		52D15F7ACEE1CE2293750EB2 /* [CP] Check Pods Manifest.lock */ = {
			isa = PBXShellScriptBuildPhase;
			buildActionMask = 2147483647;
			files = (
			);
			inputFileListPaths = (
			);
			inputPaths = (
				"${PODS_PODFILE_DIR_PATH}/Podfile.lock",
				"${PODS_ROOT}/Manifest.lock",
			);
			name = "[CP] Check Pods Manifest.lock";
			outputFileListPaths = (
			);
			outputPaths = (
				"$(DERIVED_FILE_DIR)/Pods-RemoteConfig-checkManifestLockResult.txt",
			);
			runOnlyForDeploymentPostprocessing = 0;
			shellPath = /bin/sh;
			shellScript = "diff \"${PODS_PODFILE_DIR_PATH}/Podfile.lock\" \"${PODS_ROOT}/Manifest.lock\" > /dev/null\nif [ $? != 0 ] ; then\n    # print error to STDERR\n    echo \"error: The sandbox is not in sync with the Podfile.lock. Run 'pod install' or update your CocoaPods installation.\" >&2\n    exit 1\nfi\n# This output is used by Xcode 'outputs' to avoid re-running this script phase.\necho \"SUCCESS\" > \"${SCRIPT_OUTPUT_FILE_0}\"\n";
			showEnvVarsInLog = 0;
		};
		7CC69E4C453DAE9C645B9EF5 /* [CP] Embed Pods Frameworks */ = {
			isa = PBXShellScriptBuildPhase;
			buildActionMask = 2147483647;
			files = (
			);
			inputFileListPaths = (
			);
			inputPaths = (
				"${SRCROOT}/Pods/Target Support Files/Pods-RemoteConfig/Pods-RemoteConfig-frameworks.sh",
				"${BUILT_PRODUCTS_DIR}/GoogleUtilities/GoogleUtilities.framework",
				"${BUILT_PRODUCTS_DIR}/Protobuf/Protobuf.framework",
				"${BUILT_PRODUCTS_DIR}/nanopb/nanopb.framework",
			);
			name = "[CP] Embed Pods Frameworks";
			outputFileListPaths = (
			);
			outputPaths = (
				"${TARGET_BUILD_DIR}/${FRAMEWORKS_FOLDER_PATH}/GoogleUtilities.framework",
				"${TARGET_BUILD_DIR}/${FRAMEWORKS_FOLDER_PATH}/Protobuf.framework",
				"${TARGET_BUILD_DIR}/${FRAMEWORKS_FOLDER_PATH}/nanopb.framework",
			);
			runOnlyForDeploymentPostprocessing = 0;
			shellPath = /bin/sh;
			shellScript = "\"${SRCROOT}/Pods/Target Support Files/Pods-RemoteConfig/Pods-RemoteConfig-frameworks.sh\"\n";
			showEnvVarsInLog = 0;
		};
/* End PBXShellScriptBuildPhase section */

/* Begin PBXSourcesBuildPhase section */
		FA79D17F2272F75800235B96 /* Sources */ = {
			isa = PBXSourcesBuildPhase;
			buildActionMask = 2147483647;
			files = (
				FA79D1892272F75800235B96 /* ViewController.swift in Sources */,
				FA79D1872272F75800235B96 /* AppDelegate.swift in Sources */,
			);
			runOnlyForDeploymentPostprocessing = 0;
		};
/* End PBXSourcesBuildPhase section */

/* Begin PBXVariantGroup section */
		FA79D18A2272F75800235B96 /* Main.storyboard */ = {
			isa = PBXVariantGroup;
			children = (
				FA79D18B2272F75800235B96 /* Base */,
			);
			name = Main.storyboard;
			sourceTree = "<group>";
		};
		FA79D18F2272F75900235B96 /* LaunchScreen.storyboard */ = {
			isa = PBXVariantGroup;
			children = (
				FA79D1902272F75900235B96 /* Base */,
			);
			name = LaunchScreen.storyboard;
			sourceTree = "<group>";
		};
/* End PBXVariantGroup section */

/* Begin XCBuildConfiguration section */
		FA79D1932272F75900235B96 /* Debug */ = {
			isa = XCBuildConfiguration;
			buildSettings = {
				ALWAYS_SEARCH_USER_PATHS = NO;
				CLANG_ANALYZER_NONNULL = YES;
				CLANG_ANALYZER_NUMBER_OBJECT_CONVERSION = YES_AGGRESSIVE;
				CLANG_CXX_LANGUAGE_STANDARD = "gnu++14";
				CLANG_CXX_LIBRARY = "libc++";
				CLANG_ENABLE_MODULES = YES;
				CLANG_ENABLE_OBJC_ARC = YES;
				CLANG_ENABLE_OBJC_WEAK = YES;
				CLANG_WARN_BLOCK_CAPTURE_AUTORELEASING = YES;
				CLANG_WARN_BOOL_CONVERSION = YES;
				CLANG_WARN_COMMA = YES;
				CLANG_WARN_CONSTANT_CONVERSION = YES;
				CLANG_WARN_DEPRECATED_OBJC_IMPLEMENTATIONS = YES;
				CLANG_WARN_DIRECT_OBJC_ISA_USAGE = YES_ERROR;
				CLANG_WARN_DOCUMENTATION_COMMENTS = YES;
				CLANG_WARN_EMPTY_BODY = YES;
				CLANG_WARN_ENUM_CONVERSION = YES;
				CLANG_WARN_INFINITE_RECURSION = YES;
				CLANG_WARN_INT_CONVERSION = YES;
				CLANG_WARN_NON_LITERAL_NULL_CONVERSION = YES;
				CLANG_WARN_OBJC_IMPLICIT_RETAIN_SELF = YES;
				CLANG_WARN_OBJC_LITERAL_CONVERSION = YES;
				CLANG_WARN_OBJC_ROOT_CLASS = YES_ERROR;
				CLANG_WARN_RANGE_LOOP_ANALYSIS = YES;
				CLANG_WARN_STRICT_PROTOTYPES = YES;
				CLANG_WARN_SUSPICIOUS_MOVE = YES;
				CLANG_WARN_UNGUARDED_AVAILABILITY = YES_AGGRESSIVE;
				CLANG_WARN_UNREACHABLE_CODE = YES;
				CLANG_WARN__DUPLICATE_METHOD_MATCH = YES;
				CODE_SIGN_IDENTITY = "iPhone Developer";
				COPY_PHASE_STRIP = NO;
				DEBUG_INFORMATION_FORMAT = dwarf;
				ENABLE_STRICT_OBJC_MSGSEND = YES;
				ENABLE_TESTABILITY = YES;
				GCC_C_LANGUAGE_STANDARD = gnu11;
				GCC_DYNAMIC_NO_PIC = NO;
				GCC_NO_COMMON_BLOCKS = YES;
				GCC_OPTIMIZATION_LEVEL = 0;
				GCC_PREPROCESSOR_DEFINITIONS = (
					"DEBUG=1",
					"$(inherited)",
				);
				GCC_WARN_64_TO_32_BIT_CONVERSION = YES;
				GCC_WARN_ABOUT_RETURN_TYPE = YES_ERROR;
				GCC_WARN_UNDECLARED_SELECTOR = YES;
				GCC_WARN_UNINITIALIZED_AUTOS = YES_AGGRESSIVE;
				GCC_WARN_UNUSED_FUNCTION = YES;
				GCC_WARN_UNUSED_VARIABLE = YES;
				IPHONEOS_DEPLOYMENT_TARGET = 12.1;
				MTL_ENABLE_DEBUG_INFO = INCLUDE_SOURCE;
				MTL_FAST_MATH = YES;
				ONLY_ACTIVE_ARCH = YES;
				SDKROOT = iphoneos;
				SWIFT_ACTIVE_COMPILATION_CONDITIONS = DEBUG;
				SWIFT_OPTIMIZATION_LEVEL = "-Onone";
			};
			name = Debug;
		};
		FA79D1942272F75900235B96 /* Release */ = {
			isa = XCBuildConfiguration;
			buildSettings = {
				ALWAYS_SEARCH_USER_PATHS = NO;
				CLANG_ANALYZER_NONNULL = YES;
				CLANG_ANALYZER_NUMBER_OBJECT_CONVERSION = YES_AGGRESSIVE;
				CLANG_CXX_LANGUAGE_STANDARD = "gnu++14";
				CLANG_CXX_LIBRARY = "libc++";
				CLANG_ENABLE_MODULES = YES;
				CLANG_ENABLE_OBJC_ARC = YES;
				CLANG_ENABLE_OBJC_WEAK = YES;
				CLANG_WARN_BLOCK_CAPTURE_AUTORELEASING = YES;
				CLANG_WARN_BOOL_CONVERSION = YES;
				CLANG_WARN_COMMA = YES;
				CLANG_WARN_CONSTANT_CONVERSION = YES;
				CLANG_WARN_DEPRECATED_OBJC_IMPLEMENTATIONS = YES;
				CLANG_WARN_DIRECT_OBJC_ISA_USAGE = YES_ERROR;
				CLANG_WARN_DOCUMENTATION_COMMENTS = YES;
				CLANG_WARN_EMPTY_BODY = YES;
				CLANG_WARN_ENUM_CONVERSION = YES;
				CLANG_WARN_INFINITE_RECURSION = YES;
				CLANG_WARN_INT_CONVERSION = YES;
				CLANG_WARN_NON_LITERAL_NULL_CONVERSION = YES;
				CLANG_WARN_OBJC_IMPLICIT_RETAIN_SELF = YES;
				CLANG_WARN_OBJC_LITERAL_CONVERSION = YES;
				CLANG_WARN_OBJC_ROOT_CLASS = YES_ERROR;
				CLANG_WARN_RANGE_LOOP_ANALYSIS = YES;
				CLANG_WARN_STRICT_PROTOTYPES = YES;
				CLANG_WARN_SUSPICIOUS_MOVE = YES;
				CLANG_WARN_UNGUARDED_AVAILABILITY = YES_AGGRESSIVE;
				CLANG_WARN_UNREACHABLE_CODE = YES;
				CLANG_WARN__DUPLICATE_METHOD_MATCH = YES;
				CODE_SIGN_IDENTITY = "iPhone Developer";
				COPY_PHASE_STRIP = NO;
				DEBUG_INFORMATION_FORMAT = "dwarf-with-dsym";
				ENABLE_NS_ASSERTIONS = NO;
				ENABLE_STRICT_OBJC_MSGSEND = YES;
				GCC_C_LANGUAGE_STANDARD = gnu11;
				GCC_NO_COMMON_BLOCKS = YES;
				GCC_WARN_64_TO_32_BIT_CONVERSION = YES;
				GCC_WARN_ABOUT_RETURN_TYPE = YES_ERROR;
				GCC_WARN_UNDECLARED_SELECTOR = YES;
				GCC_WARN_UNINITIALIZED_AUTOS = YES_AGGRESSIVE;
				GCC_WARN_UNUSED_FUNCTION = YES;
				GCC_WARN_UNUSED_VARIABLE = YES;
				IPHONEOS_DEPLOYMENT_TARGET = 12.1;
				MTL_ENABLE_DEBUG_INFO = NO;
				MTL_FAST_MATH = YES;
				SDKROOT = iphoneos;
				SWIFT_COMPILATION_MODE = wholemodule;
				SWIFT_OPTIMIZATION_LEVEL = "-O";
				VALIDATE_PRODUCT = YES;
			};
			name = Release;
		};
		FA79D1962272F75900235B96 /* Debug */ = {
			isa = XCBuildConfiguration;
			baseConfigurationReference = 87E39E44102F2E7DB598EC04 /* Pods-RemoteConfig.debug.xcconfig */;
			buildSettings = {
				ASSETCATALOG_COMPILER_APPICON_NAME = AppIcon;
				CODE_SIGN_STYLE = Automatic;
				DEVELOPMENT_TEAM = DRZA772VG4;
				INFOPLIST_FILE = RemoteConfig/Info.plist;
				LD_RUNPATH_SEARCH_PATHS = (
					"$(inherited)",
					"@executable_path/Frameworks",
				);
				PRODUCT_BUNDLE_IDENTIFIER = selfstudy.RemoteConfig;
				PRODUCT_NAME = "$(TARGET_NAME)";
				SWIFT_VERSION = 4.2;
				TARGETED_DEVICE_FAMILY = "1,2";
			};
			name = Debug;
		};
		FA79D1972272F75900235B96 /* Release */ = {
			isa = XCBuildConfiguration;
			baseConfigurationReference = 51B66ABDB46247E0A7F21CA4 /* Pods-RemoteConfig.release.xcconfig */;
			buildSettings = {
				ASSETCATALOG_COMPILER_APPICON_NAME = AppIcon;
				CODE_SIGN_STYLE = Automatic;
				DEVELOPMENT_TEAM = DRZA772VG4;
				INFOPLIST_FILE = RemoteConfig/Info.plist;
				LD_RUNPATH_SEARCH_PATHS = (
					"$(inherited)",
					"@executable_path/Frameworks",
				);
				PRODUCT_BUNDLE_IDENTIFIER = selfstudy.RemoteConfig;
				PRODUCT_NAME = "$(TARGET_NAME)";
				SWIFT_VERSION = 4.2;
				TARGETED_DEVICE_FAMILY = "1,2";
			};
			name = Release;
		};
/* End XCBuildConfiguration section */

/* Begin XCConfigurationList section */
		FA79D17E2272F75800235B96 /* Build configuration list for PBXProject "RemoteConfig" */ = {
			isa = XCConfigurationList;
			buildConfigurations = (
				FA79D1932272F75900235B96 /* Debug */,
				FA79D1942272F75900235B96 /* Release */,
			);
			defaultConfigurationIsVisible = 0;
			defaultConfigurationName = Release;
		};
		FA79D1952272F75900235B96 /* Build configuration list for PBXNativeTarget "RemoteConfig" */ = {
			isa = XCConfigurationList;
			buildConfigurations = (
				FA79D1962272F75900235B96 /* Debug */,
				FA79D1972272F75900235B96 /* Release */,
			);
			defaultConfigurationIsVisible = 0;
			defaultConfigurationName = Release;
		};
/* End XCConfigurationList section */
	};
	rootObject = FA79D17B2272F75800235B96 /* Project object */;
}
